<?xml version="1.0" encoding="utf-8"?>
<Project ToolsVersion="4.0" xmlns="http://schemas.microsoft.com/developer/msbuild/2003">
  <ItemGroup>
    <Filter Include="Source Files">
      <UniqueIdentifier>{4FC737F1-C7A5-4376-A066-2A32D752A2FF}</UniqueIdentifier>
      <Extensions>cpp;c;cc;cxx;c++;cppm;ixx;def;odl;idl;hpj;bat;asm;asmx</Extensions>
    </Filter>
    <Filter Include="Header Files">
      <UniqueIdentifier>{93995380-89BD-4b04-88EB-625FBE52EBFB}</UniqueIdentifier>
      <Extensions>h;hh;hpp;hxx;h++;hm;inl;inc;ipp;xsd</Extensions>
    </Filter>
    <Filter Include="Resource Files">
      <UniqueIdentifier>{67DA6AB6-F800-4c08-8B7A-83BB121AAD01}</UniqueIdentifier>
      <Extensions>rc;ico;cur;bmp;dlg;rc2;rct;bin;rgs;gif;jpg;jpeg;jpe;resx;tiff;tif;png;wav;mfcribbon-ms</Extensions>
    </Filter>
  </ItemGroup>
  <ItemGroup>
    <ClCompile Include="AeroPort_534.cpp">
      <Filter>Source Files</Filter>
    </ClCompile>
    <ClCompile Include="Aircraft.cpp">
      <Filter>Source Files</Filter>
    </ClCompile>
    <ClCompile Include="CargoPlane.cpp">
      <Filter>Source Files</Filter>
    </ClCompile>
    <ClCompile Include="PassengerPlane.cpp">
      <Filter>Source Files</Filter>
    </ClCompile>
    <ClCompile Include="PrivateJet.cpp">
      <Filter>Source Files</Filter>
    </ClCompile>
    <ClCompile Include="Runway.cpp">
      <Filter>Source Files</Filter>
    </ClCompile>
    <ClCompile Include="Hangar.cpp">
      <Filter>Source Files</Filter>
    </ClCompile>
    <ClCompile Include="Flight.cpp">
      <Filter>Source Files</Filter>
    </ClCompile>
    <ClCompile Include="Ticket.cpp">
      <Filter>Source Files</Filter>
    </ClCompile>
    <ClCompile Include="Admin.cpp">
      <Filter>Source Files</Filter>
    </ClCompile>
    <ClCompile Include="Airline.cpp">
      <Filter>Source Files</Filter>
    </ClCompile>
    <ClCompile Include="AirportManager.cpp">
      <Filter>Source Files</Filter>
    </ClCompile>
    <ClCompile Include="BuildHangarCmd.cpp">
      <Filter>Source Files</Filter>
    </ClCompile>
    <ClCompile Include="BuildRunwayCmd.cpp">
      <Filter>Source Files</Filter>
    </ClCompile>
    <ClCompile Include="BuyAircraftCmd.cpp">
      <Filter>Source Files</Filter>
    </ClCompile>
    <ClCompile Include="CommandFactory.cpp">
      <Filter>Source Files</Filter>
    </ClCompile>
    <ClCompile Include="Dispatcher.cpp">
      <Filter>Source Files</Filter>
    </ClCompile>
    <ClCompile Include="LastMinuteTicket.cpp">
      <Filter>Source Files</Filter>
    </ClCompile>
    <ClCompile Include="LoginCmd.cpp">
      <Filter>Source Files</Filter>
    </ClCompile>
    <ClCompile Include="Passenger.cpp">
      <Filter>Source Files</Filter>
    </ClCompile>
    <ClCompile Include="RegisterAirlineCmd.cpp">
      <Filter>Source Files</Filter>
    </ClCompile>
    <ClCompile Include="RegisterCmd.cpp">
      <Filter>Source Files</Filter>
    </ClCompile>
    <ClCompile Include="ScheduleFlightCmd.cpp">
      <Filter>Source Files</Filter>
    </ClCompile>
    <ClCompile Include="StandardTicket.cpp">
      <Filter>Source Files</Filter>
    </ClCompile>
    <ClCompile Include="TicketFactory.cpp">
      <Filter>Source Files</Filter>
    </ClCompile>
    <ClCompile Include="User.cpp">
      <Filter>Source Files</Filter>
    </ClCompile>
    <ClCompile Include="VIPTicket.cpp">
      <Filter>Source Files</Filter>
    </ClCompile>
    <ClCompile Include="BookTicketCmd.cpp">
      <Filter>Source Files</Filter>
    </ClCompile>
    <ClCompile Include="LogoutCmd.cpp">
      <Filter>Source Files</Filter>
    </ClCompile>
    <ClCompile Include="ViewProfileCmd.h">
      <Filter>Header Files</Filter>
    </ClCompile>
    <ClCompile Include="ViewProfileCmd.cpp">
      <Filter>Source Files</Filter>
    </ClCompile>
    <ClCompile Include="HelpCmd.cpp">
      <Filter>Source Files</Filter>
    </ClCompile>
    <ClCompile Include="ListAirspaceCmd.cpp">
      <Filter>Source Files</Filter>
    </ClCompile>
    <ClCompile Include="ListRunwaysCmd.cpp">
      <Filter>Source Files</Filter>
    </ClCompile>
    <ClCompile Include="AssignRunwayCmd.cpp">
      <Filter>Source Files</Filter>
    </ClCompile>
    <ClCompile Include="DelayFlightCmd.cpp">
      <Filter>Source Files</Filter>
    </ClCompile>
    <ClCompile Include="UndoCmd.cpp">
      <Filter>Source Files</Filter>
    </ClCompile>
    <ClCompile Include="FreeRunwayCmd.cpp">
      <Filter>Source Files</Filter>
    </ClCompile>
    <ClCompile Include="SendToHangarCmd.cpp">
      <Filter>Source Files</Filter>
    </ClCompile>
    <ClCompile Include="RetrieveFromHangar.cpp">
      <Filter>Source Files</Filter>
    </ClCompile>
    <ClCompile Include="CloseRunwayCmd.cpp">
      <Filter>Source Files</Filter>
    </ClCompile>
    <ClCompile Include="ListFleetCmd.cpp">
      <Filter>Source Files</Filter>
    </ClCompile>
    <ClCompile Include="CancelFlightCmd.cpp">
      <Filter>Source Files</Filter>
    </ClCompile>
    <ClCompile Include="CloneAircraftCmd.cpp">
      <Filter>Source Files</Filter>
    </ClCompile>
    <ClCompile Include="SetWeatherCmd.cpp">
      <Filter>Source Files</Filter>
    </ClCompile>
    <ClCompile Include="SaveCmd.cpp">
      <Filter>Source Files</Filter>
    </ClCompile>
    <ClCompile Include="LoadCmd.cpp">
      <Filter>Source Files</Filter>
    </ClCompile>
  </ItemGroup>
  <ItemGroup>
    <ClInclude Include="Aircraft.h">
      <Filter>Header Files</Filter>
    </ClInclude>
    <ClInclude Include="CargoPlane.h">
      <Filter>Header Files</Filter>
    </ClInclude>
    <ClInclude Include="PassengerPlane.h">
      <Filter>Header Files</Filter>
    </ClInclude>
    <ClInclude Include="PrivateJet.h">
      <Filter>Header Files</Filter>
    </ClInclude>
    <ClInclude Include="Runway.h">
      <Filter>Header Files</Filter>
    </ClInclude>
    <ClInclude Include="Airline.h">
      <Filter>Header Files</Filter>
    </ClInclude>
    <ClInclude Include="Flight.h">
      <Filter>Header Files</Filter>
    </ClInclude>
    <ClInclude Include="Ticket.h">
      <Filter>Header Files</Filter>
    </ClInclude>
    <ClInclude Include="Admin.h">
      <Filter>Header Files</Filter>
    </ClInclude>
    <ClInclude Include="AirportManager.h">
      <Filter>Header Files</Filter>
    </ClInclude>
    <ClInclude Include="BuildHangarCmd.h">
      <Filter>Header Files</Filter>
    </ClInclude>
    <ClInclude Include="BuildRunwayCmd.h">
      <Filter>Header Files</Filter>
    </ClInclude>
    <ClInclude Include="BuyAircraftCmd.h">
      <Filter>Header Files</Filter>
    </ClInclude>
    <ClInclude Include="Command.h">
      <Filter>Header Files</Filter>
    </ClInclude>
    <ClInclude Include="CommandFactory.h">
      <Filter>Header Files</Filter>
    </ClInclude>
    <ClInclude Include="Dispatcher.h">
      <Filter>Header Files</Filter>
    </ClInclude>
    <ClInclude Include="LastMinuteTicket.h">
      <Filter>Header Files</Filter>
    </ClInclude>
    <ClInclude Include="LoginCmd.h">
      <Filter>Header Files</Filter>
    </ClInclude>
    <ClInclude Include="Passenger.h">
      <Filter>Header Files</Filter>
    </ClInclude>
    <ClInclude Include="RegisterAirlineCmd.h">
      <Filter>Header Files</Filter>
    </ClInclude>
    <ClInclude Include="RegisterCmd.h">
      <Filter>Header Files</Filter>
    </ClInclude>
    <ClInclude Include="ScheduleFlightCmd.h">
      <Filter>Header Files</Filter>
    </ClInclude>
    <ClInclude Include="StandardTicket.h">
      <Filter>Header Files</Filter>
    </ClInclude>
    <ClInclude Include="TicketFactory.h">
      <Filter>Header Files</Filter>
    </ClInclude>
    <ClInclude Include="User.h">
      <Filter>Header Files</Filter>
    </ClInclude>
    <ClInclude Include="VIPTicket.h">
      <Filter>Header Files</Filter>
    </ClInclude>
    <ClInclude Include="Hangar.h">
      <Filter>Header Files</Filter>
    </ClInclude>
    <ClInclude Include="BookTicketCmd.h">
      <Filter>Header Files</Filter>
    </ClInclude>
    <ClInclude Include="LogoutCmd.h">
      <Filter>Header Files</Filter>
    </ClInclude>
    <ClInclude Include="HelpCmd.h">
      <Filter>Header Files</Filter>
    </ClInclude>
    <ClInclude Include="ListAirspaceCmd.h">
      <Filter>Header Files</Filter>
    </ClInclude>
    <ClInclude Include="ListRunwaysCmd.h">
      <Filter>Header Files</Filter>
    </ClInclude>
    <ClInclude Include="AssignRunwayCmd.h">
      <Filter>Header Files</Filter>
    </ClInclude>
    <ClInclude Include="DelayFlightCmd.h">
      <Filter>Header Files</Filter>
    </ClInclude>
    <ClInclude Include="UndoCmd.h">
      <Filter>Header Files</Filter>
    </ClInclude>
    <ClInclude Include="FreeRunwayCmd.h">
      <Filter>Header Files</Filter>
    </ClInclude>
    <ClInclude Include="SendToHangarCmd.h">
      <Filter>Header Files</Filter>
    </ClInclude>
    <ClInclude Include="RetrieveFromHangarCmd.h">
      <Filter>Header Files</Filter>
    </ClInclude>
    <ClInclude Include="CloseRunwayCmd.h">
      <Filter>Header Files</Filter>
    </ClInclude>
    <ClInclude Include="ListFleetCmd.h">
      <Filter>Header Files</Filter>
    </ClInclude>
    <ClInclude Include="CancelFlightCmd.h">
      <Filter>Header Files</Filter>
    </ClInclude>
    <ClInclude Include="CloneAircraftCmd.h">
      <Filter>Header Files</Filter>
    </ClInclude>
    <ClInclude Include="SetWeatherCmd.h">
      <Filter>Header Files</Filter>
    </ClInclude>
    <ClInclude Include="SaveCmd.h">
      <Filter>Header Files</Filter>
    </ClInclude>
    <ClInclude Include="LoadCmd.h">
      <Filter>Header Files</Filter>
    </ClInclude>
  </ItemGroup>
</Project>